// !$*UTF8*$!
{
	archiveVersion = 1;
	classes = {
	};
	objectVersion = 55;
	objects = {

/* Begin PBXBuildFile section */
		17D571FE28BB9130008561D0 /* CurrentLocationExampleApp.swift in Sources */ = {isa = PBXBuildFile; fileRef = 17D571FD28BB9130008561D0 /* CurrentLocationExampleApp.swift */; };
		17D5720028BB9130008561D0 /* ContentView.swift in Sources */ = {isa = PBXBuildFile; fileRef = 17D571FF28BB9130008561D0 /* ContentView.swift */; };
		17D5720228BB9130008561D0 /* Assets.xcassets in Resources */ = {isa = PBXBuildFile; fileRef = 17D5720128BB9130008561D0 /* Assets.xcassets */; };
		17D5720528BB9130008561D0 /* Preview Assets.xcassets in Resources */ = {isa = PBXBuildFile; fileRef = 17D5720428BB9130008561D0 /* Preview Assets.xcassets */; };
		17D5720F28BB9131008561D0 /* CurrentLocationExampleTests.swift in Sources */ = {isa = PBXBuildFile; fileRef = 17D5720E28BB9131008561D0 /* CurrentLocationExampleTests.swift */; };
		17D5721928BB9131008561D0 /* CurrentLocationExampleUITests.swift in Sources */ = {isa = PBXBuildFile; fileRef = 17D5721828BB9131008561D0 /* CurrentLocationExampleUITests.swift */; };
		17D5721B28BB9131008561D0 /* CurrentLocationExampleUITestsLaunchTests.swift in Sources */ = {isa = PBXBuildFile; fileRef = 17D5721A28BB9131008561D0 /* CurrentLocationExampleUITestsLaunchTests.swift */; };
/* End PBXBuildFile section */

/* Begin PBXContainerItemProxy section */
		17D5720B28BB9130008561D0 /* PBXContainerItemProxy */ = {
			isa = PBXContainerItemProxy;
			containerPortal = 17D571F228BB9130008561D0 /* Project object */;
			proxyType = 1;
			remoteGlobalIDString = 17D571F928BB9130008561D0;
			remoteInfo = CurrentLocationExample;
		};
		17D5721528BB9131008561D0 /* PBXContainerItemProxy */ = {
			isa = PBXContainerItemProxy;
			containerPortal = 17D571F228BB9130008561D0 /* Project object */;
			proxyType = 1;
			remoteGlobalIDString = 17D571F928BB9130008561D0;
			remoteInfo = CurrentLocationExample;
		};
/* End PBXContainerItemProxy section */

/* Begin PBXFileReference section */
		17D571FA28BB9130008561D0 /* CurrentLocationExample.app */ = {isa = PBXFileReference; explicitFileType = wrapper.application; includeInIndex = 0; path = CurrentLocationExample.app; sourceTree = BUILT_PRODUCTS_DIR; };
		17D571FD28BB9130008561D0 /* CurrentLocationExampleApp.swift */ = {isa = PBXFileReference; lastKnownFileType = sourcecode.swift; path = CurrentLocationExampleApp.swift; sourceTree = "<group>"; };
		17D571FF28BB9130008561D0 /* ContentView.swift */ = {isa = PBXFileReference; lastKnownFileType = sourcecode.swift; path = ContentView.swift; sourceTree = "<group>"; };
		17D5720128BB9130008561D0 /* Assets.xcassets */ = {isa = PBXFileReference; lastKnownFileType = folder.assetcatalog; path = Assets.xcassets; sourceTree = "<group>"; };
		17D5720428BB9130008561D0 /* Preview Assets.xcassets */ = {isa = PBXFileReference; lastKnownFileType = folder.assetcatalog; path = "Preview Assets.xcassets"; sourceTree = "<group>"; };
		17D5720A28BB9130008561D0 /* CurrentLocationExampleTests.xctest */ = {isa = PBXFileReference; explicitFileType = wrapper.cfbundle; includeInIndex = 0; path = CurrentLocationExampleTests.xctest; sourceTree = BUILT_PRODUCTS_DIR; };
		17D5720E28BB9131008561D0 /* CurrentLocationExampleTests.swift */ = {isa = PBXFileReference; lastKnownFileType = sourcecode.swift; path = CurrentLocationExampleTests.swift; sourceTree = "<group>"; };
		17D5721428BB9131008561D0 /* CurrentLocationExampleUITests.xctest */ = {isa = PBXFileReference; explicitFileType = wrapper.cfbundle; includeInIndex = 0; path = CurrentLocationExampleUITests.xctest; sourceTree = BUILT_PRODUCTS_DIR; };
		17D5721828BB9131008561D0 /* CurrentLocationExampleUITests.swift */ = {isa = PBXFileReference; lastKnownFileType = sourcecode.swift; path = CurrentLocationExampleUITests.swift; sourceTree = "<group>"; };
		17D5721A28BB9131008561D0 /* CurrentLocationExampleUITestsLaunchTests.swift */ = {isa = PBXFileReference; lastKnownFileType = sourcecode.swift; path = CurrentLocationExampleUITestsLaunchTests.swift; sourceTree = "<group>"; };
/* End PBXFileReference section */

/* Begin PBXFrameworksBuildPhase section */
		17D571F728BB9130008561D0 /* Frameworks */ = {
			isa = PBXFrameworksBuildPhase;
			buildActionMask = 2147483647;
			files = (
			);
			runOnlyForDeploymentPostprocessing = 0;
		};
		17D5720728BB9130008561D0 /* Frameworks */ = {
			isa = PBXFrameworksBuildPhase;
			buildActionMask = 2147483647;
			files = (
			);
			runOnlyForDeploymentPostprocessing = 0;
		};
		17D5721128BB9131008561D0 /* Frameworks */ = {
			isa = PBXFrameworksBuildPhase;
			buildActionMask = 2147483647;
			files = (
			);
			runOnlyForDeploymentPostprocessing = 0;
		};
/* End PBXFrameworksBuildPhase section */

/* Begin PBXGroup section */
		17D571F128BB9130008561D0 = {
			isa = PBXGroup;
			children = (
				17D571FC28BB9130008561D0 /* CurrentLocationExample */,
				17D5720D28BB9130008561D0 /* CurrentLocationExampleTests */,
				17D5721728BB9131008561D0 /* CurrentLocationExampleUITests */,
				17D571FB28BB9130008561D0 /* Products */,
			);
			sourceTree = "<group>";
		};
		17D571FB28BB9130008561D0 /* Products */ = {
			isa = PBXGroup;
			children = (
				17D571FA28BB9130008561D0 /* CurrentLocationExample.app */,
				17D5720A28BB9130008561D0 /* CurrentLocationExampleTests.xctest */,
				17D5721428BB9131008561D0 /* CurrentLocationExampleUITests.xctest */,
			);
			name = Products;
			sourceTree = "<group>";
		};
		17D571FC28BB9130008561D0 /* CurrentLocationExample */ = {
			isa = PBXGroup;
			children = (
				17D571FD28BB9130008561D0 /* CurrentLocationExampleApp.swift */,
				17D571FF28BB9130008561D0 /* ContentView.swift */,
				17D5720128BB9130008561D0 /* Assets.xcassets */,
				17D5720328BB9130008561D0 /* Preview Content */,
			);
			path = CurrentLocationExample;
			sourceTree = "<group>";
		};
		17D5720328BB9130008561D0 /* Preview Content */ = {
			isa = PBXGroup;
			children = (
				17D5720428BB9130008561D0 /* Preview Assets.xcassets */,
			);
			path = "Preview Content";
			sourceTree = "<group>";
		};
		17D5720D28BB9130008561D0 /* CurrentLocationExampleTests */ = {
			isa = PBXGroup;
			children = (
				17D5720E28BB9131008561D0 /* CurrentLocationExampleTests.swift */,
			);
			path = CurrentLocationExampleTests;
			sourceTree = "<group>";
		};
		17D5721728BB9131008561D0 /* CurrentLocationExampleUITests */ = {
			isa = PBXGroup;
			children = (
				17D5721828BB9131008561D0 /* CurrentLocationExampleUITests.swift */,
				17D5721A28BB9131008561D0 /* CurrentLocationExampleUITestsLaunchTests.swift */,
			);
			path = CurrentLocationExampleUITests;
			sourceTree = "<group>";
		};
/* End PBXGroup section */

/* Begin PBXNativeTarget section */
		17D571F928BB9130008561D0 /* CurrentLocationExample */ = {
			isa = PBXNativeTarget;
			buildConfigurationList = 17D5721E28BB9131008561D0 /* Build configuration list for PBXNativeTarget "CurrentLocationExample" */;
			buildPhases = (
				17D571F628BB9130008561D0 /* Sources */,
				17D571F728BB9130008561D0 /* Frameworks */,
				17D571F828BB9130008561D0 /* Resources */,
			);
			buildRules = (
			);
			dependencies = (
			);
			name = CurrentLocationExample;
			productName = CurrentLocationExample;
			productReference = 17D571FA28BB9130008561D0 /* CurrentLocationExample.app */;
			productType = "com.apple.product-type.application";
		};
		17D5720928BB9130008561D0 /* CurrentLocationExampleTests */ = {
			isa = PBXNativeTarget;
			buildConfigurationList = 17D5722128BB9131008561D0 /* Build configuration list for PBXNativeTarget "CurrentLocationExampleTests" */;
			buildPhases = (
				17D5720628BB9130008561D0 /* Sources */,
				17D5720728BB9130008561D0 /* Frameworks */,
				17D5720828BB9130008561D0 /* Resources */,
			);
			buildRules = (
			);
			dependencies = (
				17D5720C28BB9130008561D0 /* PBXTargetDependency */,
			);
			name = CurrentLocationExampleTests;
			productName = CurrentLocationExampleTests;
			productReference = 17D5720A28BB9130008561D0 /* CurrentLocationExampleTests.xctest */;
			productType = "com.apple.product-type.bundle.unit-test";
		};
		17D5721328BB9131008561D0 /* CurrentLocationExampleUITests */ = {
			isa = PBXNativeTarget;
			buildConfigurationList = 17D5722428BB9131008561D0 /* Build configuration list for PBXNativeTarget "CurrentLocationExampleUITests" */;
			buildPhases = (
				17D5721028BB9131008561D0 /* Sources */,
				17D5721128BB9131008561D0 /* Frameworks */,
				17D5721228BB9131008561D0 /* Resources */,
			);
			buildRules = (
			);
			dependencies = (
				17D5721628BB9131008561D0 /* PBXTargetDependency */,
			);
			name = CurrentLocationExampleUITests;
			productName = CurrentLocationExampleUITests;
			productReference = 17D5721428BB9131008561D0 /* CurrentLocationExampleUITests.xctest */;
			productType = "com.apple.product-type.bundle.ui-testing";
		};
/* End PBXNativeTarget section */

/* Begin PBXProject section */
		17D571F228BB9130008561D0 /* Project object */ = {
			isa = PBXProject;
			attributes = {
				BuildIndependentTargetsInParallel = 1;
				LastSwiftUpdateCheck = 1340;
				LastUpgradeCheck = 1340;
				TargetAttributes = {
					17D571F928BB9130008561D0 = {
						CreatedOnToolsVersion = 13.4.1;
					};
					17D5720928BB9130008561D0 = {
						CreatedOnToolsVersion = 13.4.1;
						TestTargetID = 17D571F928BB9130008561D0;
					};
					17D5721328BB9131008561D0 = {
						CreatedOnToolsVersion = 13.4.1;
						TestTargetID = 17D571F928BB9130008561D0;
					};
				};
			};
			buildConfigurationList = 17D571F528BB9130008561D0 /* Build configuration list for PBXProject "CurrentLocationExample" */;
			compatibilityVersion = "Xcode 13.0";
			developmentRegion = en;
			hasScannedForEncodings = 0;
			knownRegions = (
				en,
				Base,
			);
			mainGroup = 17D571F128BB9130008561D0;
			productRefGroup = 17D571FB28BB9130008561D0 /* Products */;
			projectDirPath = "";
			projectRoot = "";
			targets = (
				17D571F928BB9130008561D0 /* CurrentLocationExample */,
				17D5720928BB9130008561D0 /* CurrentLocationExampleTests */,
				17D5721328BB9131008561D0 /* CurrentLocationExampleUITests */,
			);
		};
/* End PBXProject section */

/* Begin PBXResourcesBuildPhase section */
		17D571F828BB9130008561D0 /* Resources */ = {
			isa = PBXResourcesBuildPhase;
			buildActionMask = 2147483647;
			files = (
				17D5720528BB9130008561D0 /* Preview Assets.xcassets in Resources */,
				17D5720228BB9130008561D0 /* Assets.xcassets in Resources */,
			);
			runOnlyForDeploymentPostprocessing = 0;
		};
		17D5720828BB9130008561D0 /* Resources */ = {
			isa = PBXResourcesBuildPhase;
			buildActionMask = 2147483647;
			files = (
			);
			runOnlyForDeploymentPostprocessing = 0;
		};
		17D5721228BB9131008561D0 /* Resources */ = {
			isa = PBXResourcesBuildPhase;
			buildActionMask = 2147483647;
			files = (
			);
			runOnlyForDeploymentPostprocessing = 0;
		};
/* End PBXResourcesBuildPhase section */

/* Begin PBXSourcesBuildPhase section */
		17D571F628BB9130008561D0 /* Sources */ = {
			isa = PBXSourcesBuildPhase;
			buildActionMask = 2147483647;
			files = (
				17D5720028BB9130008561D0 /* ContentView.swift in Sources */,
				17D571FE28BB9130008561D0 /* CurrentLocationExampleApp.swift in Sources */,
			);
			runOnlyForDeploymentPostprocessing = 0;
		};
		17D5720628BB9130008561D0 /* Sources */ = {
			isa = PBXSourcesBuildPhase;
			buildActionMask = 2147483647;
			files = (
				17D5720F28BB9131008561D0 /* CurrentLocationExampleTests.swift in Sources */,
			);
			runOnlyForDeploymentPostprocessing = 0;
		};
		17D5721028BB9131008561D0 /* Sources */ = {
			isa = PBXSourcesBuildPhase;
			buildActionMask = 2147483647;
			files = (
				17D5721B28BB9131008561D0 /* CurrentLocationExampleUITestsLaunchTests.swift in Sources */,
				17D5721928BB9131008561D0 /* CurrentLocationExampleUITests.swift in Sources */,
			);
			runOnlyForDeploymentPostprocessing = 0;
		};
/* End PBXSourcesBuildPhase section */

/* Begin PBXTargetDependency section */
		17D5720C28BB9130008561D0 /* PBXTargetDependency */ = {
			isa = PBXTargetDependency;
			target = 17D571F928BB9130008561D0 /* CurrentLocationExample */;
			targetProxy = 17D5720B28BB9130008561D0 /* PBXContainerItemProxy */;
		};
		17D5721628BB9131008561D0 /* PBXTargetDependency */ = {
			isa = PBXTargetDependency;
			target = 17D571F928BB9130008561D0 /* CurrentLocationExample */;
			targetProxy = 17D5721528BB9131008561D0 /* PBXContainerItemProxy */;
		};
/* End PBXTargetDependency section */

/* Begin XCBuildConfiguration section */
		17D5721C28BB9131008561D0 /* Debug */ = {
			isa = XCBuildConfiguration;
			buildSettings = {
				ALWAYS_SEARCH_USER_PATHS = NO;
				CLANG_ANALYZER_NONNULL = YES;
				CLANG_ANALYZER_NUMBER_OBJECT_CONVERSION = YES_AGGRESSIVE;
				CLANG_CXX_LANGUAGE_STANDARD = "gnu++17";
				CLANG_ENABLE_MODULES = YES;
				CLANG_ENABLE_OBJC_ARC = YES;
				CLANG_ENABLE_OBJC_WEAK = YES;
				CLANG_WARN_BLOCK_CAPTURE_AUTORELEASING = YES;
				CLANG_WARN_BOOL_CONVERSION = YES;
				CLANG_WARN_COMMA = YES;
				CLANG_WARN_CONSTANT_CONVERSION = YES;
				CLANG_WARN_DEPRECATED_OBJC_IMPLEMENTATIONS = YES;
				CLANG_WARN_DIRECT_OBJC_ISA_USAGE = YES_ERROR;
				CLANG_WARN_DOCUMENTATION_COMMENTS = YES;
				CLANG_WARN_EMPTY_BODY = YES;
				CLANG_WARN_ENUM_CONVERSION = YES;
				CLANG_WARN_INFINITE_RECURSION = YES;
				CLANG_WARN_INT_CONVERSION = YES;
				CLANG_WARN_NON_LITERAL_NULL_CONVERSION = YES;
				CLANG_WARN_OBJC_IMPLICIT_RETAIN_SELF = YES;
				CLANG_WARN_OBJC_LITERAL_CONVERSION = YES;
				CLANG_WARN_OBJC_ROOT_CLASS = YES_ERROR;
				CLANG_WARN_QUOTED_INCLUDE_IN_FRAMEWORK_HEADER = YES;
				CLANG_WARN_RANGE_LOOP_ANALYSIS = YES;
				CLANG_WARN_STRICT_PROTOTYPES = YES;
				CLANG_WARN_SUSPICIOUS_MOVE = YES;
				CLANG_WARN_UNGUARDED_AVAILABILITY = YES_AGGRESSIVE;
				CLANG_WARN_UNREACHABLE_CODE = YES;
				CLANG_WARN__DUPLICATE_METHOD_MATCH = YES;
				COPY_PHASE_STRIP = NO;
				DEBUG_INFORMATION_FORMAT = dwarf;
				ENABLE_STRICT_OBJC_MSGSEND = YES;
				ENABLE_TESTABILITY = YES;
				GCC_C_LANGUAGE_STANDARD = gnu11;
				GCC_DYNAMIC_NO_PIC = NO;
				GCC_NO_COMMON_BLOCKS = YES;
				GCC_OPTIMIZATION_LEVEL = 0;
				GCC_PREPROCESSOR_DEFINITIONS = (
					"DEBUG=1",
					"$(inherited)",
				);
				GCC_WARN_64_TO_32_BIT_CONVERSION = YES;
				GCC_WARN_ABOUT_RETURN_TYPE = YES_ERROR;
				GCC_WARN_UNDECLARED_SELECTOR = YES;
				GCC_WARN_UNINITIALIZED_AUTOS = YES_AGGRESSIVE;
				GCC_WARN_UNUSED_FUNCTION = YES;
				GCC_WARN_UNUSED_VARIABLE = YES;
				IPHONEOS_DEPLOYMENT_TARGET = 15.5;
				MTL_ENABLE_DEBUG_INFO = INCLUDE_SOURCE;
				MTL_FAST_MATH = YES;
				ONLY_ACTIVE_ARCH = YES;
				SDKROOT = iphoneos;
				SWIFT_ACTIVE_COMPILATION_CONDITIONS = DEBUG;
				SWIFT_OPTIMIZATION_LEVEL = "-Onone";
			};
			name = Debug;
		};
		17D5721D28BB9131008561D0 /* Release */ = {
			isa = XCBuildConfiguration;
			buildSettings = {
				ALWAYS_SEARCH_USER_PATHS = NO;
				CLANG_ANALYZER_NONNULL = YES;
				CLANG_ANALYZER_NUMBER_OBJECT_CONVERSION = YES_AGGRESSIVE;
				CLANG_CXX_LANGUAGE_STANDARD = "gnu++17";
				CLANG_ENABLE_MODULES = YES;
				CLANG_ENABLE_OBJC_ARC = YES;
				CLANG_ENABLE_OBJC_WEAK = YES;
				CLANG_WARN_BLOCK_CAPTURE_AUTORELEASING = YES;
				CLANG_WARN_BOOL_CONVERSION = YES;
				CLANG_WARN_COMMA = YES;
				CLANG_WARN_CONSTANT_CONVERSION = YES;
				CLANG_WARN_DEPRECATED_OBJC_IMPLEMENTATIONS = YES;
				CLANG_WARN_DIRECT_OBJC_ISA_USAGE = YES_ERROR;
				CLANG_WARN_DOCUMENTATION_COMMENTS = YES;
				CLANG_WARN_EMPTY_BODY = YES;
				CLANG_WARN_ENUM_CONVERSION = YES;
				CLANG_WARN_INFINITE_RECURSION = YES;
				CLANG_WARN_INT_CONVERSION = YES;
				CLANG_WARN_NON_LITERAL_NULL_CONVERSION = YES;
				CLANG_WARN_OBJC_IMPLICIT_RETAIN_SELF = YES;
				CLANG_WARN_OBJC_LITERAL_CONVERSION = YES;
				CLANG_WARN_OBJC_ROOT_CLASS = YES_ERROR;
				CLANG_WARN_QUOTED_INCLUDE_IN_FRAMEWORK_HEADER = YES;
				CLANG_WARN_RANGE_LOOP_ANALYSIS = YES;
				CLANG_WARN_STRICT_PROTOTYPES = YES;
				CLANG_WARN_SUSPICIOUS_MOVE = YES;
				CLANG_WARN_UNGUARDED_AVAILABILITY = YES_AGGRESSIVE;
				CLANG_WARN_UNREACHABLE_CODE = YES;
				CLANG_WARN__DUPLICATE_METHOD_MATCH = YES;
				COPY_PHASE_STRIP = NO;
				DEBUG_INFORMATION_FORMAT = "dwarf-with-dsym";
				ENABLE_NS_ASSERTIONS = NO;
				ENABLE_STRICT_OBJC_MSGSEND = YES;
				GCC_C_LANGUAGE_STANDARD = gnu11;
				GCC_NO_COMMON_BLOCKS = YES;
				GCC_WARN_64_TO_32_BIT_CONVERSION = YES;
				GCC_WARN_ABOUT_RETURN_TYPE = YES_ERROR;
				GCC_WARN_UNDECLARED_SELECTOR = YES;
				GCC_WARN_UNINITIALIZED_AUTOS = YES_AGGRESSIVE;
				GCC_WARN_UNUSED_FUNCTION = YES;
				GCC_WARN_UNUSED_VARIABLE = YES;
				IPHONEOS_DEPLOYMENT_TARGET = 15.5;
				MTL_ENABLE_DEBUG_INFO = NO;
				MTL_FAST_MATH = YES;
				SDKROOT = iphoneos;
				SWIFT_COMPILATION_MODE = wholemodule;
				SWIFT_OPTIMIZATION_LEVEL = "-O";
				VALIDATE_PRODUCT = YES;
			};
			name = Release;
		};
		17D5721F28BB9131008561D0 /* Debug */ = {
			isa = XCBuildConfiguration;
			buildSettings = {
				ASSETCATALOG_COMPILER_APPICON_NAME = AppIcon;
				ASSETCATALOG_COMPILER_GLOBAL_ACCENT_COLOR_NAME = AccentColor;
				CODE_SIGN_STYLE = Automatic;
				CURRENT_PROJECT_VERSION = 1;
				DEVELOPMENT_ASSET_PATHS = "\"CurrentLocationExample/Preview Content\"";
				ENABLE_PREVIEWS = YES;
				GENERATE_INFOPLIST_FILE = YES;
				INFOPLIST_KEY_UIApplicationSceneManifest_Generation = YES;
				INFOPLIST_KEY_UIApplicationSupportsIndirectInputEvents = YES;
				INFOPLIST_KEY_UILaunchScreen_Generation = YES;
				INFOPLIST_KEY_UISupportedInterfaceOrientations_iPad = "UIInterfaceOrientationPortrait UIInterfaceOrientationPortraitUpsideDown UIInterfaceOrientationLandscapeLeft UIInterfaceOrientationLandscapeRight";
				INFOPLIST_KEY_UISupportedInterfaceOrientations_iPhone = "UIInterfaceOrientationPortrait UIInterfaceOrientationLandscapeLeft UIInterfaceOrientationLandscapeRight";
				LD_RUNPATH_SEARCH_PATHS = (
					"$(inherited)",
					"@executable_path/Frameworks",
				);
				MARKETING_VERSION = 1.0;
				PRODUCT_BUNDLE_IDENTIFIER = com.hoyelam.CurrentLocationExample;
				PRODUCT_NAME = "$(TARGET_NAME)";
				SWIFT_EMIT_LOC_STRINGS = YES;
				SWIFT_VERSION = 5.0;
				TARGETED_DEVICE_FAMILY = "1,2";
			};
			name = Debug;
		};
		17D5722028BB9131008561D0 /* Release */ = {
			isa = XCBuildConfiguration;
			buildSettings = {
				ASSETCATALOG_COMPILER_APPICON_NAME = AppIcon;
				ASSETCATALOG_COMPILER_GLOBAL_ACCENT_COLOR_NAME = AccentColor;
				CODE_SIGN_STYLE = Automatic;
				CURRENT_PROJECT_VERSION = 1;
				DEVELOPMENT_ASSET_PATHS = "\"CurrentLocationExample/Preview Content\"";
				ENABLE_PREVIEWS = YES;
				GENERATE_INFOPLIST_FILE = YES;
				INFOPLIST_KEY_UIApplicationSceneManifest_Generation = YES;
				INFOPLIST_KEY_UIApplicationSupportsIndirectInputEvents = YES;
				INFOPLIST_KEY_UILaunchScreen_Generation = YES;
				INFOPLIST_KEY_UISupportedInterfaceOrientations_iPad = "UIInterfaceOrientationPortrait UIInterfaceOrientationPortraitUpsideDown UIInterfaceOrientationLandscapeLeft UIInterfaceOrientationLandscapeRight";
				INFOPLIST_KEY_UISupportedInterfaceOrientations_iPhone = "UIInterfaceOrientationPortrait UIInterfaceOrientationLandscapeLeft UIInterfaceOrientationLandscapeRight";
				LD_RUNPATH_SEARCH_PATHS = (
					"$(inherited)",
					"@executable_path/Frameworks",
				);
				MARKETING_VERSION = 1.0;
				PRODUCT_BUNDLE_IDENTIFIER = com.hoyelam.CurrentLocationExample;
				PRODUCT_NAME = "$(TARGET_NAME)";
				SWIFT_EMIT_LOC_STRINGS = YES;
				SWIFT_VERSION = 5.0;
				TARGETED_DEVICE_FAMILY = "1,2";
			};
			name = Release;
		};
		17D5722228BB9131008561D0 /* Debug */ = {
			isa = XCBuildConfiguration;
			buildSettings = {
				ALWAYS_EMBED_SWIFT_STANDARD_LIBRARIES = YES;
				BUNDLE_LOADER = "$(TEST_HOST)";
				CODE_SIGN_STYLE = Automatic;
				CURRENT_PROJECT_VERSION = 1;
				GENERATE_INFOPLIST_FILE = YES;
				IPHONEOS_DEPLOYMENT_TARGET = 15.5;
				MARKETING_VERSION = 1.0;
				PRODUCT_BUNDLE_IDENTIFIER = com.hoyelam.CurrentLocationExampleTests;
				PRODUCT_NAME = "$(TARGET_NAME)";
				SWIFT_EMIT_LOC_STRINGS = NO;
				SWIFT_VERSION = 5.0;
				TARGETED_DEVICE_FAMILY = "1,2";
				TEST_HOST = "$(BUILT_PRODUCTS_DIR)/CurrentLocationExample.app/CurrentLocationExample";
			};
			name = Debug;
		};
		17D5722328BB9131008561D0 /* Release */ = {
			isa = XCBuildConfiguration;
			buildSettings = {
				ALWAYS_EMBED_SWIFT_STANDARD_LIBRARIES = YES;
				BUNDLE_LOADER = "$(TEST_HOST)";
				CODE_SIGN_STYLE = Automatic;
				CURRENT_PROJECT_VERSION = 1;
				GENERATE_INFOPLIST_FILE = YES;
				IPHONEOS_DEPLOYMENT_TARGET = 15.5;
				MARKETING_VERSION = 1.0;
				PRODUCT_BUNDLE_IDENTIFIER = com.hoyelam.CurrentLocationExampleTests;
				PRODUCT_NAME = "$(TARGET_NAME)";
				SWIFT_EMIT_LOC_STRINGS = NO;
				SWIFT_VERSION = 5.0;
				TARGETED_DEVICE_FAMILY = "1,2";
				TEST_HOST = "$(BUILT_PRODUCTS_DIR)/CurrentLocationExample.app/CurrentLocationExample";
			};
			name = Release;
		};
		17D5722528BB9131008561D0 /* Debug */ = {
			isa = XCBuildConfiguration;
			buildSettings = {
				ALWAYS_EMBED_SWIFT_STANDARD_LIBRARIES = YES;
				CODE_SIGN_STYLE = Automatic;
				CURRENT_PROJECT_VERSION = 1;
				GENERATE_INFOPLIST_FILE = YES;
				MARKETING_VERSION = 1.0;
				PRODUCT_BUNDLE_IDENTIFIER = com.hoyelam.CurrentLocationExampleUITests;
				PRODUCT_NAME = "$(TARGET_NAME)";
				SWIFT_EMIT_LOC_STRINGS = NO;
				SWIFT_VERSION = 5.0;
				TARGETED_DEVICE_FAMILY = "1,2";
				TEST_TARGET_NAME = CurrentLocationExample;
			};
			name = Debug;
		};
		17D5722628BB9131008561D0 /* Release */ = {
			isa = XCBuildConfiguration;
			buildSettings = {
				ALWAYS_EMBED_SWIFT_STANDARD_LIBRARIES = YES;
				CODE_SIGN_STYLE = Automatic;
				CURRENT_PROJECT_VERSION = 1;
				GENERATE_INFOPLIST_FILE = YES;
				MARKETING_VERSION = 1.0;
				PRODUCT_BUNDLE_IDENTIFIER = com.hoyelam.CurrentLocationExampleUITests;
				PRODUCT_NAME = "$(TARGET_NAME)";
				SWIFT_EMIT_LOC_STRINGS = NO;
				SWIFT_VERSION = 5.0;
				TARGETED_DEVICE_FAMILY = "1,2";
				TEST_TARGET_NAME = CurrentLocationExample;
			};
			name = Release;
		};
/* End XCBuildConfiguration section */

/* Begin XCConfigurationList section */
		17D571F528BB9130008561D0 /* Build configuration list for PBXProject "CurrentLocationExample" */ = {
			isa = XCConfigurationList;
			buildConfigurations = (
				17D5721C28BB9131008561D0 /* Debug */,
				17D5721D28BB9131008561D0 /* Release */,
			);
			defaultConfigurationIsVisible = 0;
			defaultConfigurationName = Release;
		};
		17D5721E28BB9131008561D0 /* Build configuration list for PBXNativeTarget "CurrentLocationExample" */ = {
			isa = XCConfigurationList;
			buildConfigurations = (
				17D5721F28BB9131008561D0 /* Debug */,
				17D5722028BB9131008561D0 /* Release */,
			);
			defaultConfigurationIsVisible = 0;
			defaultConfigurationName = Release;
		};
		17D5722128BB9131008561D0 /* Build configuration list for PBXNativeTarget "CurrentLocationExampleTests" */ = {
			isa = XCConfigurationList;
			buildConfigurations = (
				17D5722228BB9131008561D0 /* Debug */,
				17D5722328BB9131008561D0 /* Release */,
			);
			defaultConfigurationIsVisible = 0;
			defaultConfigurationName = Release;
		};
		17D5722428BB9131008561D0 /* Build configuration list for PBXNativeTarget "CurrentLocationExampleUITests" */ = {
			isa = XCConfigurationList;
			buildConfigurations = (
				17D5722528BB9131008561D0 /* Debug */,
				17D5722628BB9131008561D0 /* Release */,
			);
			defaultConfigurationIsVisible = 0;
			defaultConfigurationName = Release;
		};
/* End XCConfigurationList section */
	};
	rootObject = 17D571F228BB9130008561D0 /* Project object */;
}
